{
  "name": "javascriptutils",
  "version": "1.0.0",
  "lockfileVersion": 1,
  "requires": true,
  "dependencies": {
    "uuid": {
      "version": "3.2.1",
      "resolved": "https://metoffice.jfrog.io/metoffice/api/npm/npm/uuid/-/uuid-3.2.1.tgz?dl=https://registry.npmjs.org/uuid/-/uuid-3.2.1.tgz",
      "integrity": "sha1-EsUou51Y0LkmXZovbw/ovhf/HxQ="
    }
  }
}
